
Microsoft Visual Studio Solution File, Format Version 12.00
# Visual Studio 15
VisualStudioVersion = 15.0.28307.1062
MinimumVisualStudioVersion = 10.0.40219.1
Project("{FAE04EC0-301F-11D3-BF4B-00C04F79EFBC}") = "peno_cluster_moderator", "peno_cluster_moderator\peno_cluster_moderator.csproj", "{19283ABD-8AE9-4D1B-9332-C70923894E6F}"
EndProject
Global
	GlobalSection(SolutionConfigurationPlatforms) = preSolution
		Debug|Any CPU = Debug|Any CPU
		Release|Any CPU = Release|Any CPU
	EndGlobalSection
	GlobalSection(ProjectConfigurationPlatforms) = postSolution
		{19283ABD-8AE9-4D1B-9332-C70923894E6F}.Debug|Any CPU.ActiveCfg = Debug|Any CPU
		{19283ABD-8AE9-4D1B-9332-C70923894E6F}.Debug|Any CPU.Build.0 = Debug|Any CPU
		{19283ABD-8AE9-4D1B-9332-C70923894E6F}.Release|Any CPU.ActiveCfg = Release|Any CPU
		{19283ABD-8AE9-4D1B-9332-C70923894E6F}.Release|Any CPU.Build.0 = Release|Any CPU
	EndGlobalSection
	GlobalSection(SolutionProperties) = preSolution
		HideSolutionNode = FALSE
	EndGlobalSection
	GlobalSection(ExtensibilityGlobals) = postSolution
		SolutionGuid = {F85561F8-87E0-4756-80D5-E6EC37263FF9}
	EndGlobalSection
EndGlobal
